# THIS IS AN AUTOGENERATED FILE. DO NOT EDIT THIS FILE DIRECTLY.
# yarn lockfile v1


"@elysiajs/cors@^1.2.0":
  version "1.2.0"
  resolved "https://registry.yarnpkg.com/@elysiajs/cors/-/cors-1.2.0.tgz#5ba01d3629d942b91b662b75a10207e1b70b619d"
  integrity sha512-qsJwDAg6WfdQRMfj6uSMcDPSpXvm/zQFeAX1uuJXhIgazH8itSfcDxcH9pMuXVRX1yQNi2pPwNQLJmAcw5mzvw==

"@sinclair/typebox@^0.34.27":
  version "0.34.33"
  resolved "https://registry.yarnpkg.com/@sinclair/typebox/-/typebox-0.34.33.tgz#10ab3f1261ed9e754660250fad3e69cca1fa44b2"
  integrity sha512-5HAV9exOMcXRUxo+9iYB5n09XxzCXnfy4VTNW4xnDv+FgjzAGY989C28BIdljKqmF+ZltUwujE3aossvcVtq6g==

"@types/node@*":
  version "22.14.0"
  resolved "https://registry.yarnpkg.com/@types/node/-/node-22.14.0.tgz#d3bfa3936fef0dbacd79ea3eb17d521c628bb47e"
  integrity sha512-Kmpl+z84ILoG+3T/zQFyAJsU6EPTmOCj8/2+83fSN6djd6I4o7uOuGIH6vq3PrjY5BGitSbFuMN18j3iknubbA==
  dependencies:
    undici-types "~6.21.0"

"@types/ws@*":
  version "8.18.1"
  resolved "https://registry.yarnpkg.com/@types/ws/-/ws-8.18.1.tgz#48464e4bf2ddfd17db13d845467f6070ffea4aa9"
  integrity sha512-ThVF6DCVhA8kUGy+aazFQ4kXQ7E1Ty7A3ypFOe0IcJV8O/M511G99AW24irKrW56Wt44yG9+ij8FaqoBGkuBXg==
  dependencies:
    "@types/node" "*"

bun-types@latest:
  version "1.2.8"
  resolved "https://registry.yarnpkg.com/bun-types/-/bun-types-1.2.8.tgz#b6f373bac4054449a9d5150475b829f58c089f09"
  integrity sha512-D5npfxKIGuYe9dTHLK1hi4XFmbMdKYoLrgyd25rrUyCrnyU4ljmQW7vDdonvibKeyU72mZuixIhQ2J+q6uM0Mg==
  dependencies:
    "@types/node" "*"
    "@types/ws" "*"

cookie@^1.0.2:
  version "1.0.2"
  resolved "https://registry.yarnpkg.com/cookie/-/cookie-1.0.2.tgz#27360701532116bd3f1f9416929d176afe1e4610"
  integrity sha512-9Kr/j4O16ISv8zBBhJoi4bXOYNTkFLOqSL3UDB0njXxCXNezjeyVrJyGOWtgfs/q2km1gwBcfH8q1yEGoMYunA==

elysia@latest:
  version "1.2.25"
  resolved "https://registry.yarnpkg.com/elysia/-/elysia-1.2.25.tgz#52a9493ef5153c605ce5d0d8d8b0ad7c9d834b29"
  integrity sha512-WsdQpORJvb4uszzeqYT0lg97knw1iBW1NTzJ1Jm57tiHg+DfAotlWXYbjmvQ039ssV0fYELDHinLLoUazZkEHg==
  dependencies:
    "@sinclair/typebox" "^0.34.27"
    cookie "^1.0.2"
    memoirist "^0.3.0"
    openapi-types "^12.1.3"

memoirist@^0.3.0:
  version "0.3.0"
  resolved "https://registry.yarnpkg.com/memoirist/-/memoirist-0.3.0.tgz#95e9ab2b44794872beaa9dd9632f99de52e0546c"
  integrity sha512-wR+4chMgVPq+T6OOsk40u9Wlpw1Pjx66NMNiYxCQQ4EUJ7jDs3D9kTCeKdBOkvAiqXlHLVJlvYL01PvIJ1MPNg==

openapi-types@^12.1.3:
  version "12.1.3"
  resolved "https://registry.yarnpkg.com/openapi-types/-/openapi-types-12.1.3.tgz#471995eb26c4b97b7bd356aacf7b91b73e777dd3"
  integrity sha512-N4YtSYJqghVu4iek2ZUvcN/0aqH1kRDuNqzcycDxhOUpg7GdvLa2F3DgS6yBNhInhv2r/6I0Flkn7CqL8+nIcw==

undici-types@~6.21.0:
  version "6.21.0"
  resolved "https://registry.yarnpkg.com/undici-types/-/undici-types-6.21.0.tgz#691d00af3909be93a7faa13be61b3a5b50ef12cb"
  integrity sha512-iwDZqg0QAGrg9Rav5H4n0M64c3mkR59cJ6wQp+7C4nI0gsmExaedaYLNO44eT4AtBBwjbTiGPMlt2Md0T9H9JQ==

zod@^3.24.2:
  version "3.24.2"
  resolved "https://registry.yarnpkg.com/zod/-/zod-3.24.2.tgz#8efa74126287c675e92f46871cfc8d15c34372b3"
  integrity sha512-lY7CDW43ECgW9u1TcT3IoXHflywfVqDYze4waEz812jR/bZ8FHDsl7pFQoSZTz5N+2NqRXs8GBwnAwo3ZNxqhQ==
